
Microsoft Visual Studio Solution File, Format Version 12.00
# Visual Studio Version 17
VisualStudioVersion = 17.7.34221.43
MinimumVisualStudioVersion = 10.0.40219.1
Project("{FAE04EC0-301F-11D3-BF4B-00C04F79EFBC}") = "DeploymentAdditional", "DeploymentAdditional.csproj", "{728726E4-3FF3-4F54-81CD-4EA450563B4C}"
EndProject
Global
	GlobalSection(SolutionConfigurationPlatforms) = preSolution
		Debug|Any CPU = Debug|Any CPU
		Release|Any CPU = Release|Any CPU
	EndGlobalSection
	GlobalSection(ProjectConfigurationPlatforms) = postSolution
		{728726E4-3FF3-4F54-81CD-4EA450563B4C}.Debug|Any CPU.ActiveCfg = Debug|Any CPU
		{728726E4-3FF3-4F54-81CD-4EA450563B4C}.Debug|Any CPU.Build.0 = Debug|Any CPU
		{728726E4-3FF3-4F54-81CD-4EA450563B4C}.Release|Any CPU.ActiveCfg = Release|Any CPU
		{728726E4-3FF3-4F54-81CD-4EA450563B4C}.Release|Any CPU.Build.0 = Release|Any CPU
	EndGlobalSection
	GlobalSection(SolutionProperties) = preSolution
		HideSolutionNode = FALSE
	EndGlobalSection
	GlobalSection(ExtensibilityGlobals) = postSolution
		SolutionGuid = {6A889486-4F68-4401-88B4-63721D2EB6F6}
	EndGlobalSection
EndGlobal
